
Microsoft Visual Studio Solution File, Format Version 12.00
# Visual Studio Version 17
VisualStudioVersion = 17.0.31903.59
MinimumVisualStudioVersion = 10.0.40219.1
Project("{2150E333-8FDC-42A3-9474-1A3956D46DE8}") = "src", "src", "{827E0CD3-B72D-47B6-A68D-7590B98EB39B}"
EndProject
Project("{2150E333-8FDC-42A3-9474-1A3956D46DE8}") = "BuildingBlocks", "BuildingBlocks", "{90298CBA-BD6F-3A0A-69D5-97CAD7B05E7E}"
EndProject
Project("{FAE04EC0-301F-11D3-BF4B-00C04F79EFBC}") = "BuildingBlocks.Common", "src\BuildingBlocks\BuildingBlocks.Common\BuildingBlocks.Common.csproj", "{150943D7-8065-441A-B400-64BF382D57BD}"
EndProject
Project("{FAE04EC0-301F-11D3-BF4B-00C04F79EFBC}") = "BuildingBlocks.Persistence", "src\BuildingBlocks\BuildingBlocks.Persistence\BuildingBlocks.Persistence.csproj", "{DB65B851-37E0-4A18-9081-EC478CF82317}"
EndProject
Project("{FAE04EC0-301F-11D3-BF4B-00C04F79EFBC}") = "BuildingBlocks.Cache", "src\BuildingBlocks\BuildingBlocks.Cache\BuildingBlocks.Cache.csproj", "{9D280DDE-FA35-4E2A-9891-B0CD31724591}"
EndProject
Project("{FAE04EC0-301F-11D3-BF4B-00C04F79EFBC}") = "BuildingBlocks.Resilience", "src\BuildingBlocks\BuildingBlocks.Resilience\BuildingBlocks.Resilience.csproj", "{A3E804F5-086C-4A1C-95C5-04371787131F}"
EndProject
Project("{FAE04EC0-301F-11D3-BF4B-00C04F79EFBC}") = "BuildingBlocks.Messaging", "src\BuildingBlocks\BuildingBlocks.Messaging\BuildingBlocks.Messaging.csproj", "{C4EA2ED4-8BFE-4B92-9C37-148CFA5BE72D}"
EndProject
Project("{FAE04EC0-301F-11D3-BF4B-00C04F79EFBC}") = "BuildingBlocks.Observability", "src\BuildingBlocks\BuildingBlocks.Observability\BuildingBlocks.Observability.csproj", "{93AF5F28-9B3B-4658-9B62-ECF211C52BFC}"
EndProject
Project("{FAE04EC0-301F-11D3-BF4B-00C04F79EFBC}") = "IndexDesk.Modules.Auth", "src\Modules\IndexDesk.Modules.Auth\IndexDesk.Modules.Auth.csproj", "{7DAAC548-1201-435B-9AE5-8D794ACB7E27}"
EndProject
Project("{FAE04EC0-301F-11D3-BF4B-00C04F79EFBC}") = "IndexDesk.Modules.MarketData", "src\Modules\IndexDesk.Modules.MarketData\IndexDesk.Modules.MarketData.csproj", "{B7E85C56-0908-491C-8F3B-A4B3616965AF}"
EndProject
Project("{FAE04EC0-301F-11D3-BF4B-00C04F79EFBC}") = "IndexDesk.Modules.Analytics", "src\Modules\IndexDesk.Modules.Analytics\IndexDesk.Modules.Analytics.csproj", "{D7B7F5E7-A368-4CCA-A304-652FDA61B80E}"
EndProject
Project("{FAE04EC0-301F-11D3-BF4B-00C04F79EFBC}") = "IndexDesk.Api", "src\IndexDesk.Api\IndexDesk.Api.csproj", "{64DC3B1A-6A8C-4DB7-B5B4-425365DAAD9E}"
EndProject
Project("{FAE04EC0-301F-11D3-BF4B-00C04F79EFBC}") = "IndexDesk.Worker", "src\IndexDesk.Worker\IndexDesk.Worker.csproj", "{8D76893D-0B8D-464B-B6E7-2E3262721F20}"
EndProject
Project("{FAE04EC0-301F-11D3-BF4B-00C04F79EFBC}") = "IndexDesk.UnitTests", "tests\IndexDesk.UnitTests\IndexDesk.UnitTests.csproj", "{FDED0F46-3D84-4FBE-80A2-E449BD660A81}"
EndProject
Project("{FAE04EC0-301F-11D3-BF4B-00C04F79EFBC}") = "IndexDesk.IntegrationTests", "tests\IndexDesk.IntegrationTests\IndexDesk.IntegrationTests.csproj", "{982F2979-B374-4A73-AF5F-64913C119A46}"
EndProject
Global
	GlobalSection(SolutionConfigurationPlatforms) = preSolution
		Debug|Any CPU = Debug|Any CPU
		Debug|x64 = Debug|x64
		Debug|x86 = Debug|x86
		Release|Any CPU = Release|Any CPU
		Release|x64 = Release|x64
		Release|x86 = Release|x86
	EndGlobalSection
	GlobalSection(ProjectConfigurationPlatforms) = postSolution
		{150943D7-8065-441A-B400-64BF382D57BD}.Debug|Any CPU.ActiveCfg = Debug|Any CPU
		{150943D7-8065-441A-B400-64BF382D57BD}.Debug|Any CPU.Build.0 = Debug|Any CPU
		{150943D7-8065-441A-B400-64BF382D57BD}.Debug|x64.ActiveCfg = Debug|Any CPU
		{150943D7-8065-441A-B400-64BF382D57BD}.Debug|x64.Build.0 = Debug|Any CPU
		{150943D7-8065-441A-B400-64BF382D57BD}.Debug|x86.ActiveCfg = Debug|Any CPU
		{150943D7-8065-441A-B400-64BF382D57BD}.Debug|x86.Build.0 = Debug|Any CPU
		{150943D7-8065-441A-B400-64BF382D57BD}.Release|Any CPU.ActiveCfg = Release|Any CPU
		{150943D7-8065-441A-B400-64BF382D57BD}.Release|Any CPU.Build.0 = Release|Any CPU
		{150943D7-8065-441A-B400-64BF382D57BD}.Release|x64.ActiveCfg = Release|Any CPU
		{150943D7-8065-441A-B400-64BF382D57BD}.Release|x64.Build.0 = Release|Any CPU
		{150943D7-8065-441A-B400-64BF382D57BD}.Release|x86.ActiveCfg = Release|Any CPU
		{150943D7-8065-441A-B400-64BF382D57BD}.Release|x86.Build.0 = Release|Any CPU
		{DB65B851-37E0-4A18-9081-EC478CF82317}.Debug|Any CPU.ActiveCfg = Debug|Any CPU
		{DB65B851-37E0-4A18-9081-EC478CF82317}.Debug|Any CPU.Build.0 = Debug|Any CPU
		{DB65B851-37E0-4A18-9081-EC478CF82317}.Debug|x64.ActiveCfg = Debug|Any CPU
		{DB65B851-37E0-4A18-9081-EC478CF82317}.Debug|x64.Build.0 = Debug|Any CPU
		{DB65B851-37E0-4A18-9081-EC478CF82317}.Debug|x86.ActiveCfg = Debug|Any CPU
		{DB65B851-37E0-4A18-9081-EC478CF82317}.Debug|x86.Build.0 = Debug|Any CPU
		{DB65B851-37E0-4A18-9081-EC478CF82317}.Release|Any CPU.ActiveCfg = Release|Any CPU
		{DB65B851-37E0-4A18-9081-EC478CF82317}.Release|Any CPU.Build.0 = Release|Any CPU
		{DB65B851-37E0-4A18-9081-EC478CF82317}.Release|x64.ActiveCfg = Release|Any CPU
		{DB65B851-37E0-4A18-9081-EC478CF82317}.Release|x64.Build.0 = Release|Any CPU
		{DB65B851-37E0-4A18-9081-EC478CF82317}.Release|x86.ActiveCfg = Release|Any CPU
		{DB65B851-37E0-4A18-9081-EC478CF82317}.Release|x86.Build.0 = Release|Any CPU
		{9D280DDE-FA35-4E2A-9891-B0CD31724591}.Debug|Any CPU.ActiveCfg = Debug|Any CPU
		{9D280DDE-FA35-4E2A-9891-B0CD31724591}.Debug|Any CPU.Build.0 = Debug|Any CPU
		{9D280DDE-FA35-4E2A-9891-B0CD31724591}.Debug|x64.ActiveCfg = Debug|Any CPU
		{9D280DDE-FA35-4E2A-9891-B0CD31724591}.Debug|x64.Build.0 = Debug|Any CPU
		{9D280DDE-FA35-4E2A-9891-B0CD31724591}.Debug|x86.ActiveCfg = Debug|Any CPU
		{9D280DDE-FA35-4E2A-9891-B0CD31724591}.Debug|x86.Build.0 = Debug|Any CPU
		{9D280DDE-FA35-4E2A-9891-B0CD31724591}.Release|Any CPU.ActiveCfg = Release|Any CPU
		{9D280DDE-FA35-4E2A-9891-B0CD31724591}.Release|Any CPU.Build.0 = Release|Any CPU
		{9D280DDE-FA35-4E2A-9891-B0CD31724591}.Release|x64.ActiveCfg = Release|Any CPU
		{9D280DDE-FA35-4E2A-9891-B0CD31724591}.Release|x64.Build.0 = Release|Any CPU
		{9D280DDE-FA35-4E2A-9891-B0CD31724591}.Release|x86.ActiveCfg = Release|Any CPU
		{9D280DDE-FA35-4E2A-9891-B0CD31724591}.Release|x86.Build.0 = Release|Any CPU
		{A3E804F5-086C-4A1C-95C5-04371787131F}.Debug|Any CPU.ActiveCfg = Debug|Any CPU
		{A3E804F5-086C-4A1C-95C5-04371787131F}.Debug|Any CPU.Build.0 = Debug|Any CPU
		{A3E804F5-086C-4A1C-95C5-04371787131F}.Debug|x64.ActiveCfg = Debug|Any CPU
		{A3E804F5-086C-4A1C-95C5-04371787131F}.Debug|x64.Build.0 = Debug|Any CPU
		{A3E804F5-086C-4A1C-95C5-04371787131F}.Debug|x86.ActiveCfg = Debug|Any CPU
		{A3E804F5-086C-4A1C-95C5-04371787131F}.Debug|x86.Build.0 = Debug|Any CPU
		{A3E804F5-086C-4A1C-95C5-04371787131F}.Release|Any CPU.ActiveCfg = Release|Any CPU
		{A3E804F5-086C-4A1C-95C5-04371787131F}.Release|Any CPU.Build.0 = Release|Any CPU
		{A3E804F5-086C-4A1C-95C5-04371787131F}.Release|x64.ActiveCfg = Release|Any CPU
		{A3E804F5-086C-4A1C-95C5-04371787131F}.Release|x64.Build.0 = Release|Any CPU
		{A3E804F5-086C-4A1C-95C5-04371787131F}.Release|x86.ActiveCfg = Release|Any CPU
		{A3E804F5-086C-4A1C-95C5-04371787131F}.Release|x86.Build.0 = Release|Any CPU
		{C4EA2ED4-8BFE-4B92-9C37-148CFA5BE72D}.Debug|Any CPU.ActiveCfg = Debug|Any CPU
		{C4EA2ED4-8BFE-4B92-9C37-148CFA5BE72D}.Debug|Any CPU.Build.0 = Debug|Any CPU
		{C4EA2ED4-8BFE-4B92-9C37-148CFA5BE72D}.Debug|x64.ActiveCfg = Debug|Any CPU
		{C4EA2ED4-8BFE-4B92-9C37-148CFA5BE72D}.Debug|x64.Build.0 = Debug|Any CPU
		{C4EA2ED4-8BFE-4B92-9C37-148CFA5BE72D}.Debug|x86.ActiveCfg = Debug|Any CPU
		{C4EA2ED4-8BFE-4B92-9C37-148CFA5BE72D}.Debug|x86.Build.0 = Debug|Any CPU
		{C4EA2ED4-8BFE-4B92-9C37-148CFA5BE72D}.Release|Any CPU.ActiveCfg = Release|Any CPU
		{C4EA2ED4-8BFE-4B92-9C37-148CFA5BE72D}.Release|Any CPU.Build.0 = Release|Any CPU
		{C4EA2ED4-8BFE-4B92-9C37-148CFA5BE72D}.Release|x64.ActiveCfg = Release|Any CPU
		{C4EA2ED4-8BFE-4B92-9C37-148CFA5BE72D}.Release|x64.Build.0 = Release|Any CPU
		{C4EA2ED4-8BFE-4B92-9C37-148CFA5BE72D}.Release|x86.ActiveCfg = Release|Any CPU
		{C4EA2ED4-8BFE-4B92-9C37-148CFA5BE72D}.Release|x86.Build.0 = Release|Any CPU
		{93AF5F28-9B3B-4658-9B62-ECF211C52BFC}.Debug|Any CPU.ActiveCfg = Debug|Any CPU
		{93AF5F28-9B3B-4658-9B62-ECF211C52BFC}.Debug|Any CPU.Build.0 = Debug|Any CPU
		{93AF5F28-9B3B-4658-9B62-ECF211C52BFC}.Debug|x64.ActiveCfg = Debug|Any CPU
		{93AF5F28-9B3B-4658-9B62-ECF211C52BFC}.Debug|x64.Build.0 = Debug|Any CPU
		{93AF5F28-9B3B-4658-9B62-ECF211C52BFC}.Debug|x86.ActiveCfg = Debug|Any CPU
		{93AF5F28-9B3B-4658-9B62-ECF211C52BFC}.Debug|x86.Build.0 = Debug|Any CPU
		{93AF5F28-9B3B-4658-9B62-ECF211C52BFC}.Release|Any CPU.ActiveCfg = Release|Any CPU
		{93AF5F28-9B3B-4658-9B62-ECF211C52BFC}.Release|Any CPU.Build.0 = Release|Any CPU
		{93AF5F28-9B3B-4658-9B62-ECF211C52BFC}.Release|x64.ActiveCfg = Release|Any CPU
		{93AF5F28-9B3B-4658-9B62-ECF211C52BFC}.Release|x64.Build.0 = Release|Any CPU
		{93AF5F28-9B3B-4658-9B62-ECF211C52BFC}.Release|x86.ActiveCfg = Release|Any CPU
		{93AF5F28-9B3B-4658-9B62-ECF211C52BFC}.Release|x86.Build.0 = Release|Any CPU
		{7DAAC548-1201-435B-9AE5-8D794ACB7E27}.Debug|Any CPU.ActiveCfg = Debug|Any CPU
		{7DAAC548-1201-435B-9AE5-8D794ACB7E27}.Debug|Any CPU.Build.0 = Debug|Any CPU
		{7DAAC548-1201-435B-9AE5-8D794ACB7E27}.Debug|x64.ActiveCfg = Debug|Any CPU
		{7DAAC548-1201-435B-9AE5-8D794ACB7E27}.Debug|x64.Build.0 = Debug|Any CPU
		{7DAAC548-1201-435B-9AE5-8D794ACB7E27}.Debug|x86.ActiveCfg = Debug|Any CPU
		{7DAAC548-1201-435B-9AE5-8D794ACB7E27}.Debug|x86.Build.0 = Debug|Any CPU
		{7DAAC548-1201-435B-9AE5-8D794ACB7E27}.Release|Any CPU.ActiveCfg = Release|Any CPU
		{7DAAC548-1201-435B-9AE5-8D794ACB7E27}.Release|Any CPU.Build.0 = Release|Any CPU
		{7DAAC548-1201-435B-9AE5-8D794ACB7E27}.Release|x64.ActiveCfg = Release|Any CPU
		{7DAAC548-1201-435B-9AE5-8D794ACB7E27}.Release|x64.Build.0 = Release|Any CPU
		{7DAAC548-1201-435B-9AE5-8D794ACB7E27}.Release|x86.ActiveCfg = Release|Any CPU
		{7DAAC548-1201-435B-9AE5-8D794ACB7E27}.Release|x86.Build.0 = Release|Any CPU
		{B7E85C56-0908-491C-8F3B-A4B3616965AF}.Debug|Any CPU.ActiveCfg = Debug|Any CPU
		{B7E85C56-0908-491C-8F3B-A4B3616965AF}.Debug|Any CPU.Build.0 = Debug|Any CPU
		{B7E85C56-0908-491C-8F3B-A4B3616965AF}.Debug|x64.ActiveCfg = Debug|Any CPU
		{B7E85C56-0908-491C-8F3B-A4B3616965AF}.Debug|x64.Build.0 = Debug|Any CPU
		{B7E85C56-0908-491C-8F3B-A4B3616965AF}.Debug|x86.ActiveCfg = Debug|Any CPU
		{B7E85C56-0908-491C-8F3B-A4B3616965AF}.Debug|x86.Build.0 = Debug|Any CPU
		{B7E85C56-0908-491C-8F3B-A4B3616965AF}.Release|Any CPU.ActiveCfg = Release|Any CPU
		{B7E85C56-0908-491C-8F3B-A4B3616965AF}.Release|Any CPU.Build.0 = Release|Any CPU
		{B7E85C56-0908-491C-8F3B-A4B3616965AF}.Release|x64.ActiveCfg = Release|Any CPU
		{B7E85C56-0908-491C-8F3B-A4B3616965AF}.Release|x64.Build.0 = Release|Any CPU
		{B7E85C56-0908-491C-8F3B-A4B3616965AF}.Release|x86.ActiveCfg = Release|Any CPU
		{B7E85C56-0908-491C-8F3B-A4B3616965AF}.Release|x86.Build.0 = Release|Any CPU
		{D7B7F5E7-A368-4CCA-A304-652FDA61B80E}.Debug|Any CPU.ActiveCfg = Debug|Any CPU
		{D7B7F5E7-A368-4CCA-A304-652FDA61B80E}.Debug|Any CPU.Build.0 = Debug|Any CPU
		{D7B7F5E7-A368-4CCA-A304-652FDA61B80E}.Debug|x64.ActiveCfg = Debug|Any CPU
		{D7B7F5E7-A368-4CCA-A304-652FDA61B80E}.Debug|x64.Build.0 = Debug|Any CPU
		{D7B7F5E7-A368-4CCA-A304-652FDA61B80E}.Debug|x86.ActiveCfg = Debug|Any CPU
		{D7B7F5E7-A368-4CCA-A304-652FDA61B80E}.Debug|x86.Build.0 = Debug|Any CPU
		{D7B7F5E7-A368-4CCA-A304-652FDA61B80E}.Release|Any CPU.ActiveCfg = Release|Any CPU
		{D7B7F5E7-A368-4CCA-A304-652FDA61B80E}.Release|Any CPU.Build.0 = Release|Any CPU
		{D7B7F5E7-A368-4CCA-A304-652FDA61B80E}.Release|x64.ActiveCfg = Release|Any CPU
		{D7B7F5E7-A368-4CCA-A304-652FDA61B80E}.Release|x64.Build.0 = Release|Any CPU
		{D7B7F5E7-A368-4CCA-A304-652FDA61B80E}.Release|x86.ActiveCfg = Release|Any CPU
		{D7B7F5E7-A368-4CCA-A304-652FDA61B80E}.Release|x86.Build.0 = Release|Any CPU
		{64DC3B1A-6A8C-4DB7-B5B4-425365DAAD9E}.Debug|Any CPU.ActiveCfg = Debug|Any CPU
		{64DC3B1A-6A8C-4DB7-B5B4-425365DAAD9E}.Debug|Any CPU.Build.0 = Debug|Any CPU
		{64DC3B1A-6A8C-4DB7-B5B4-425365DAAD9E}.Debug|x64.ActiveCfg = Debug|Any CPU
		{64DC3B1A-6A8C-4DB7-B5B4-425365DAAD9E}.Debug|x64.Build.0 = Debug|Any CPU
		{64DC3B1A-6A8C-4DB7-B5B4-425365DAAD9E}.Debug|x86.ActiveCfg = Debug|Any CPU
		{64DC3B1A-6A8C-4DB7-B5B4-425365DAAD9E}.Debug|x86.Build.0 = Debug|Any CPU
		{64DC3B1A-6A8C-4DB7-B5B4-425365DAAD9E}.Release|Any CPU.ActiveCfg = Release|Any CPU
		{64DC3B1A-6A8C-4DB7-B5B4-425365DAAD9E}.Release|Any CPU.Build.0 = Release|Any CPU
		{64DC3B1A-6A8C-4DB7-B5B4-425365DAAD9E}.Release|x64.ActiveCfg = Release|Any CPU
		{64DC3B1A-6A8C-4DB7-B5B4-425365DAAD9E}.Release|x64.Build.0 = Release|Any CPU
		{64DC3B1A-6A8C-4DB7-B5B4-425365DAAD9E}.Release|x86.ActiveCfg = Release|Any CPU
		{64DC3B1A-6A8C-4DB7-B5B4-425365DAAD9E}.Release|x86.Build.0 = Release|Any CPU
		{8D76893D-0B8D-464B-B6E7-2E3262721F20}.Debug|Any CPU.ActiveCfg = Debug|Any CPU
		{8D76893D-0B8D-464B-B6E7-2E3262721F20}.Debug|Any CPU.Build.0 = Debug|Any CPU
		{8D76893D-0B8D-464B-B6E7-2E3262721F20}.Debug|x64.ActiveCfg = Debug|Any CPU
		{8D76893D-0B8D-464B-B6E7-2E3262721F20}.Debug|x64.Build.0 = Debug|Any CPU
		{8D76893D-0B8D-464B-B6E7-2E3262721F20}.Debug|x86.ActiveCfg = Debug|Any CPU
		{8D76893D-0B8D-464B-B6E7-2E3262721F20}.Debug|x86.Build.0 = Debug|Any CPU
		{8D76893D-0B8D-464B-B6E7-2E3262721F20}.Release|Any CPU.ActiveCfg = Release|Any CPU
		{8D76893D-0B8D-464B-B6E7-2E3262721F20}.Release|Any CPU.Build.0 = Release|Any CPU
		{8D76893D-0B8D-464B-B6E7-2E3262721F20}.Release|x64.ActiveCfg = Release|Any CPU
		{8D76893D-0B8D-464B-B6E7-2E3262721F20}.Release|x64.Build.0 = Release|Any CPU
		{8D76893D-0B8D-464B-B6E7-2E3262721F20}.Release|x86.ActiveCfg = Release|Any CPU
		{8D76893D-0B8D-464B-B6E7-2E3262721F20}.Release|x86.Build.0 = Release|Any CPU
		{FDED0F46-3D84-4FBE-80A2-E449BD660A81}.Debug|Any CPU.ActiveCfg = Debug|Any CPU
		{FDED0F46-3D84-4FBE-80A2-E449BD660A81}.Debug|Any CPU.Build.0 = Debug|Any CPU
		{FDED0F46-3D84-4FBE-80A2-E449BD660A81}.Debug|x64.ActiveCfg = Debug|Any CPU
		{FDED0F46-3D84-4FBE-80A2-E449BD660A81}.Debug|x64.Build.0 = Debug|Any CPU
		{FDED0F46-3D84-4FBE-80A2-E449BD660A81}.Debug|x86.ActiveCfg = Debug|Any CPU
		{FDED0F46-3D84-4FBE-80A2-E449BD660A81}.Debug|x86.Build.0 = Debug|Any CPU
		{FDED0F46-3D84-4FBE-80A2-E449BD660A81}.Release|Any CPU.ActiveCfg = Release|Any CPU
		{FDED0F46-3D84-4FBE-80A2-E449BD660A81}.Release|Any CPU.Build.0 = Release|Any CPU
		{FDED0F46-3D84-4FBE-80A2-E449BD660A81}.Release|x64.ActiveCfg = Release|Any CPU
		{FDED0F46-3D84-4FBE-80A2-E449BD660A81}.Release|x64.Build.0 = Release|Any CPU
		{FDED0F46-3D84-4FBE-80A2-E449BD660A81}.Release|x86.ActiveCfg = Release|Any CPU
		{FDED0F46-3D84-4FBE-80A2-E449BD660A81}.Release|x86.Build.0 = Release|Any CPU
		{982F2979-B374-4A73-AF5F-64913C119A46}.Debug|Any CPU.ActiveCfg = Debug|Any CPU
		{982F2979-B374-4A73-AF5F-64913C119A46}.Debug|Any CPU.Build.0 = Debug|Any CPU
		{982F2979-B374-4A73-AF5F-64913C119A46}.Debug|x64.ActiveCfg = Debug|Any CPU
		{982F2979-B374-4A73-AF5F-64913C119A46}.Debug|x64.Build.0 = Debug|Any CPU
		{982F2979-B374-4A73-AF5F-64913C119A46}.Debug|x86.ActiveCfg = Debug|Any CPU
		{982F2979-B374-4A73-AF5F-64913C119A46}.Debug|x86.Build.0 = Debug|Any CPU
		{982F2979-B374-4A73-AF5F-64913C119A46}.Release|Any CPU.ActiveCfg = Release|Any CPU
		{982F2979-B374-4A73-AF5F-64913C119A46}.Release|Any CPU.Build.0 = Release|Any CPU
		{982F2979-B374-4A73-AF5F-64913C119A46}.Release|x64.ActiveCfg = Release|Any CPU
		{982F2979-B374-4A73-AF5F-64913C119A46}.Release|x64.Build.0 = Release|Any CPU
		{982F2979-B374-4A73-AF5F-64913C119A46}.Release|x86.ActiveCfg = Release|Any CPU
		{982F2979-B374-4A73-AF5F-64913C119A46}.Release|x86.Build.0 = Release|Any CPU
	EndGlobalSection
	GlobalSection(SolutionProperties) = preSolution
		HideSolutionNode = FALSE
	EndGlobalSection
	GlobalSection(NestedProjects) = preSolution
		{90298CBA-BD6F-3A0A-69D5-97CAD7B05E7E} = {827E0CD3-B72D-47B6-A68D-7590B98EB39B}
		{150943D7-8065-441A-B400-64BF382D57BD} = {90298CBA-BD6F-3A0A-69D5-97CAD7B05E7E}
		{DB65B851-37E0-4A18-9081-EC478CF82317} = {90298CBA-BD6F-3A0A-69D5-97CAD7B05E7E}
		{9D280DDE-FA35-4E2A-9891-B0CD31724591} = {90298CBA-BD6F-3A0A-69D5-97CAD7B05E7E}
		{A3E804F5-086C-4A1C-95C5-04371787131F} = {90298CBA-BD6F-3A0A-69D5-97CAD7B05E7E}
		{C4EA2ED4-8BFE-4B92-9C37-148CFA5BE72D} = {90298CBA-BD6F-3A0A-69D5-97CAD7B05E7E}
		{93AF5F28-9B3B-4658-9B62-ECF211C52BFC} = {90298CBA-BD6F-3A0A-69D5-97CAD7B05E7E}
		{7DAAC548-1201-435B-9AE5-8D794ACB7E27} = {90298CBA-BD6F-3A0A-69D5-97CAD7B05E7E}
		{B7E85C56-0908-491C-8F3B-A4B3616965AF} = {90298CBA-BD6F-3A0A-69D5-97CAD7B05E7E}
		{D7B7F5E7-A368-4CCA-A304-652FDA61B80E} = {90298CBA-BD6F-3A0A-69D5-97CAD7B05E7E}
		{64DC3B1A-6A8C-4DB7-B5B4-425365DAAD9E} = {90298CBA-BD6F-3A0A-69D5-97CAD7B05E7E}
		{8D76893D-0B8D-464B-B6E7-2E3262721F20} = {90298CBA-BD6F-3A0A-69D5-97CAD7B05E7E}
		{FDED0F46-3D84-4FBE-80A2-E449BD660A81} = {90298CBA-BD6F-3A0A-69D5-97CAD7B05E7E}
		{982F2979-B374-4A73-AF5F-64913C119A46} = {90298CBA-BD6F-3A0A-69D5-97CAD7B05E7E}
	EndGlobalSection
EndGlobal
